
Microsoft Visual Studio Solution File, Format Version 12.00
# Visual Studio Version 16
VisualStudioVersion = 16.0.30717.126
MinimumVisualStudioVersion = 10.0.40219.1
Project("{FAE04EC0-301F-11D3-BF4B-00C04F79EFBC}") = "FileInfoViewer", "FileInfoViewer\FileInfoViewer.csproj", "{5CE9390B-EB5A-4068-89A7-F73001221998}"
EndProject
Global
	GlobalSection(SolutionConfigurationPlatforms) = preSolution
		Debug|Any CPU = Debug|Any CPU
		Release|Any CPU = Release|Any CPU
	EndGlobalSection
	GlobalSection(ProjectConfigurationPlatforms) = postSolution
		{5CE9390B-EB5A-4068-89A7-F73001221998}.Debug|Any CPU.ActiveCfg = Debug|Any CPU
		{5CE9390B-EB5A-4068-89A7-F73001221998}.Debug|Any CPU.Build.0 = Debug|Any CPU
		{5CE9390B-EB5A-4068-89A7-F73001221998}.Release|Any CPU.ActiveCfg = Release|Any CPU
		{5CE9390B-EB5A-4068-89A7-F73001221998}.Release|Any CPU.Build.0 = Release|Any CPU
	EndGlobalSection
	GlobalSection(SolutionProperties) = preSolution
		HideSolutionNode = FALSE
	EndGlobalSection
	GlobalSection(ExtensibilityGlobals) = postSolution
		SolutionGuid = {614434EE-8D01-4A82-84A5-239A8F5A4289}
	EndGlobalSection
EndGlobal
